
Microsoft Visual Studio Solution File, Format Version 12.00
# Visual Studio 2015
Project("{FAE04EC0-301F-11D3-BF4B-00C04F79EFBC}") = "U2.5DTest", "U2.5DTest.csproj", "{4AE3FE43-3C8D-9BD5-C5CD-6EF6DADA640E}"
EndProject
Project("{FAE04EC0-301F-11D3-BF4B-00C04F79EFBC}") = "U2.5DTest.Editor", "U2.5DTest.Editor.csproj", "{BD75341C-F210-0F5C-42E2-011EB53BD951}"
EndProject
Global
	GlobalSection(SolutionConfigurationPlatforms) = preSolution
		Debug|Any CPU = Debug|Any CPU
		Release|Any CPU = Release|Any CPU
	EndGlobalSection
	GlobalSection(ProjectConfigurationPlatforms) = postSolution
		{4AE3FE43-3C8D-9BD5-C5CD-6EF6DADA640E}.Debug|Any CPU.ActiveCfg = Debug|Any CPU
		{4AE3FE43-3C8D-9BD5-C5CD-6EF6DADA640E}.Debug|Any CPU.Build.0 = Debug|Any CPU
		{4AE3FE43-3C8D-9BD5-C5CD-6EF6DADA640E}.Release|Any CPU.ActiveCfg = Release|Any CPU
		{4AE3FE43-3C8D-9BD5-C5CD-6EF6DADA640E}.Release|Any CPU.Build.0 = Release|Any CPU
		{BD75341C-F210-0F5C-42E2-011EB53BD951}.Debug|Any CPU.ActiveCfg = Debug|Any CPU
		{BD75341C-F210-0F5C-42E2-011EB53BD951}.Debug|Any CPU.Build.0 = Debug|Any CPU
		{BD75341C-F210-0F5C-42E2-011EB53BD951}.Release|Any CPU.ActiveCfg = Release|Any CPU
		{BD75341C-F210-0F5C-42E2-011EB53BD951}.Release|Any CPU.Build.0 = Release|Any CPU
	EndGlobalSection
	GlobalSection(SolutionProperties) = preSolution
		HideSolutionNode = FALSE
	EndGlobalSection
EndGlobal
